// !$*UTF8*$!
{
	archiveVersion = 1;
	classes = {
	};
	objectVersion = 46;
	objects = {

/* Begin PBXBuildFile section */
		63E9453D1DC27BB600913AAB /* AppDelegate.swift in Sources */ = {isa = PBXBuildFile; fileRef = 63E9453C1DC27BB600913AAB /* AppDelegate.swift */; };
		63E945421DC27BB600913AAB /* Main.storyboard in Resources */ = {isa = PBXBuildFile; fileRef = 63E945401DC27BB600913AAB /* Main.storyboard */; };
		63E945441DC27BB600913AAB /* Assets.xcassets in Resources */ = {isa = PBXBuildFile; fileRef = 63E945431DC27BB600913AAB /* Assets.xcassets */; };
		63E945471DC27BB600913AAB /* LaunchScreen.storyboard in Resources */ = {isa = PBXBuildFile; fileRef = 63E945451DC27BB600913AAB /* LaunchScreen.storyboard */; };
		63E9454F1DC27C5B00913AAB /* CarListTableViewController.swift in Sources */ = {isa = PBXBuildFile; fileRef = 63E9454E1DC27C5B00913AAB /* CarListTableViewController.swift */; };
		63E945511DC27C6D00913AAB /* MapViewController.swift in Sources */ = {isa = PBXBuildFile; fileRef = 63E945501DC27C6D00913AAB /* MapViewController.swift */; };
		63E945531DC27E5500913AAB /* Car.swift in Sources */ = {isa = PBXBuildFile; fileRef = 63E945521DC27E5500913AAB /* Car.swift */; };
		63E945551DC27EE700913AAB /* CarTableViewCell.swift in Sources */ = {isa = PBXBuildFile; fileRef = 63E945541DC27EE700913AAB /* CarTableViewCell.swift */; };
/* End PBXBuildFile section */

/* Begin PBXFileReference section */
		63E945391DC27BB600913AAB /* CarReader.app */ = {isa = PBXFileReference; explicitFileType = wrapper.application; includeInIndex = 0; path = CarReader.app; sourceTree = BUILT_PRODUCTS_DIR; };
		63E9453C1DC27BB600913AAB /* AppDelegate.swift */ = {isa = PBXFileReference; lastKnownFileType = sourcecode.swift; path = AppDelegate.swift; sourceTree = "<group>"; };
		63E945411DC27BB600913AAB /* Base */ = {isa = PBXFileReference; lastKnownFileType = file.storyboard; name = Base; path = Base.lproj/Main.storyboard; sourceTree = "<group>"; };
		63E945431DC27BB600913AAB /* Assets.xcassets */ = {isa = PBXFileReference; lastKnownFileType = folder.assetcatalog; path = Assets.xcassets; sourceTree = "<group>"; };
		63E945461DC27BB600913AAB /* Base */ = {isa = PBXFileReference; lastKnownFileType = file.storyboard; name = Base; path = Base.lproj/LaunchScreen.storyboard; sourceTree = "<group>"; };
		63E945481DC27BB600913AAB /* Info.plist */ = {isa = PBXFileReference; lastKnownFileType = text.plist.xml; path = Info.plist; sourceTree = "<group>"; };
		63E9454E1DC27C5B00913AAB /* CarListTableViewController.swift */ = {isa = PBXFileReference; fileEncoding = 4; lastKnownFileType = sourcecode.swift; path = CarListTableViewController.swift; sourceTree = "<group>"; };
		63E945501DC27C6D00913AAB /* MapViewController.swift */ = {isa = PBXFileReference; fileEncoding = 4; lastKnownFileType = sourcecode.swift; path = MapViewController.swift; sourceTree = "<group>"; };
		63E945521DC27E5500913AAB /* Car.swift */ = {isa = PBXFileReference; fileEncoding = 4; lastKnownFileType = sourcecode.swift; path = Car.swift; sourceTree = "<group>"; };
		63E945541DC27EE700913AAB /* CarTableViewCell.swift */ = {isa = PBXFileReference; fileEncoding = 4; lastKnownFileType = sourcecode.swift; path = CarTableViewCell.swift; sourceTree = "<group>"; };
/* End PBXFileReference section */

/* Begin PBXFrameworksBuildPhase section */
		63E945361DC27BB600913AAB /* Frameworks */ = {
			isa = PBXFrameworksBuildPhase;
			buildActionMask = 2147483647;
			files = (
			);
			runOnlyForDeploymentPostprocessing = 0;
		};
/* End PBXFrameworksBuildPhase section */

/* Begin PBXGroup section */
		63E945301DC27BB600913AAB = {
			isa = PBXGroup;
			children = (
				63E9453B1DC27BB600913AAB /* CarReader */,
				63E9453A1DC27BB600913AAB /* Products */,
			);
			sourceTree = "<group>";
		};
		63E9453A1DC27BB600913AAB /* Products */ = {
			isa = PBXGroup;
			children = (
				63E945391DC27BB600913AAB /* CarReader.app */,
			);
			name = Products;
			sourceTree = "<group>";
		};
		63E9453B1DC27BB600913AAB /* CarReader */ = {
			isa = PBXGroup;
			children = (
				63E9453C1DC27BB600913AAB /* AppDelegate.swift */,
				63E945521DC27E5500913AAB /* Car.swift */,
				63E9454E1DC27C5B00913AAB /* CarListTableViewController.swift */,
				63E945541DC27EE700913AAB /* CarTableViewCell.swift */,
				63E945501DC27C6D00913AAB /* MapViewController.swift */,
				63E945401DC27BB600913AAB /* Main.storyboard */,
				63E945431DC27BB600913AAB /* Assets.xcassets */,
				63E945451DC27BB600913AAB /* LaunchScreen.storyboard */,
				63E945481DC27BB600913AAB /* Info.plist */,
			);
			path = CarReader;
			sourceTree = "<group>";
		};
/* End PBXGroup section */

/* Begin PBXNativeTarget section */
		63E945381DC27BB600913AAB /* CarReader */ = {
			isa = PBXNativeTarget;
			buildConfigurationList = 63E9454B1DC27BB600913AAB /* Build configuration list for PBXNativeTarget "CarReader" */;
			buildPhases = (
				63E945351DC27BB600913AAB /* Sources */,
				63E945361DC27BB600913AAB /* Frameworks */,
				63E945371DC27BB600913AAB /* Resources */,
			);
			buildRules = (
			);
			dependencies = (
			);
			name = CarReader;
			productName = CarReader;
			productReference = 63E945391DC27BB600913AAB /* CarReader.app */;
			productType = "com.apple.product-type.application";
		};
/* End PBXNativeTarget section */

/* Begin PBXProject section */
		63E945311DC27BB600913AAB /* Project object */ = {
			isa = PBXProject;
			attributes = {
				LastSwiftUpdateCheck = 0800;
				LastUpgradeCheck = 0800;
				ORGANIZATIONNAME = Oleksii;
				TargetAttributes = {
					63E945381DC27BB600913AAB = {
						CreatedOnToolsVersion = 8.0;
						ProvisioningStyle = Automatic;
					};
				};
			};
			buildConfigurationList = 63E945341DC27BB600913AAB /* Build configuration list for PBXProject "CarReader" */;
			compatibilityVersion = "Xcode 3.2";
			developmentRegion = English;
			hasScannedForEncodings = 0;
			knownRegions = (
				en,
				Base,
			);
			mainGroup = 63E945301DC27BB600913AAB;
			productRefGroup = 63E9453A1DC27BB600913AAB /* Products */;
			projectDirPath = "";
			projectRoot = "";
			targets = (
				63E945381DC27BB600913AAB /* CarReader */,
			);
		};
/* End PBXProject section */

/* Begin PBXResourcesBuildPhase section */
		63E945371DC27BB600913AAB /* Resources */ = {
			isa = PBXResourcesBuildPhase;
			buildActionMask = 2147483647;
			files = (
				63E945471DC27BB600913AAB /* LaunchScreen.storyboard in Resources */,
				63E945441DC27BB600913AAB /* Assets.xcassets in Resources */,
				63E945421DC27BB600913AAB /* Main.storyboard in Resources */,
			);
			runOnlyForDeploymentPostprocessing = 0;
		};
/* End PBXResourcesBuildPhase section */

/* Begin PBXSourcesBuildPhase section */
		63E945351DC27BB600913AAB /* Sources */ = {
			isa = PBXSourcesBuildPhase;
			buildActionMask = 2147483647;
			files = (
				63E9453D1DC27BB600913AAB /* AppDelegate.swift in Sources */,
				63E945511DC27C6D00913AAB /* MapViewController.swift in Sources */,
				63E945531DC27E5500913AAB /* Car.swift in Sources */,
				63E9454F1DC27C5B00913AAB /* CarListTableViewController.swift in Sources */,
				63E945551DC27EE700913AAB /* CarTableViewCell.swift in Sources */,
			);
			runOnlyForDeploymentPostprocessing = 0;
		};
/* End PBXSourcesBuildPhase section */

/* Begin PBXVariantGroup section */
		63E945401DC27BB600913AAB /* Main.storyboard */ = {
			isa = PBXVariantGroup;
			children = (
				63E945411DC27BB600913AAB /* Base */,
			);
			name = Main.storyboard;
			sourceTree = "<group>";
		};
		63E945451DC27BB600913AAB /* LaunchScreen.storyboard */ = {
			isa = PBXVariantGroup;
			children = (
				63E945461DC27BB600913AAB /* Base */,
			);
			name = LaunchScreen.storyboard;
			sourceTree = "<group>";
		};
/* End PBXVariantGroup section */

/* Begin XCBuildConfiguration section */
		63E945491DC27BB600913AAB /* Debug */ = {
			isa = XCBuildConfiguration;
			buildSettings = {
				ALWAYS_SEARCH_USER_PATHS = NO;
				CLANG_ANALYZER_NONNULL = YES;
				CLANG_CXX_LANGUAGE_STANDARD = "gnu++0x";
				CLANG_CXX_LIBRARY = "libc++";
				CLANG_ENABLE_MODULES = YES;
				CLANG_ENABLE_OBJC_ARC = YES;
				CLANG_WARN_BOOL_CONVERSION = YES;
				CLANG_WARN_CONSTANT_CONVERSION = YES;
				CLANG_WARN_DIRECT_OBJC_ISA_USAGE = YES_ERROR;
				CLANG_WARN_DOCUMENTATION_COMMENTS = YES;
				CLANG_WARN_EMPTY_BODY = YES;
				CLANG_WARN_ENUM_CONVERSION = YES;
				CLANG_WARN_INFINITE_RECURSION = YES;
				CLANG_WARN_INT_CONVERSION = YES;
				CLANG_WARN_OBJC_ROOT_CLASS = YES_ERROR;
				CLANG_WARN_SUSPICIOUS_MOVES = YES;
				CLANG_WARN_UNREACHABLE_CODE = YES;
				CLANG_WARN__DUPLICATE_METHOD_MATCH = YES;
				"CODE_SIGN_IDENTITY[sdk=iphoneos*]" = "iPhone Developer";
				COPY_PHASE_STRIP = NO;
				DEBUG_INFORMATION_FORMAT = dwarf;
				ENABLE_STRICT_OBJC_MSGSEND = YES;
				ENABLE_TESTABILITY = YES;
				GCC_C_LANGUAGE_STANDARD = gnu99;
				GCC_DYNAMIC_NO_PIC = NO;
				GCC_NO_COMMON_BLOCKS = YES;
				GCC_OPTIMIZATION_LEVEL = 0;
				GCC_PREPROCESSOR_DEFINITIONS = (
					"DEBUG=1",
					"$(inherited)",
				);
				GCC_WARN_64_TO_32_BIT_CONVERSION = YES;
				GCC_WARN_ABOUT_RETURN_TYPE = YES_ERROR;
				GCC_WARN_UNDECLARED_SELECTOR = YES;
				GCC_WARN_UNINITIALIZED_AUTOS = YES_AGGRESSIVE;
				GCC_WARN_UNUSED_FUNCTION = YES;
				GCC_WARN_UNUSED_VARIABLE = YES;
				IPHONEOS_DEPLOYMENT_TARGET = 10.0;
				MTL_ENABLE_DEBUG_INFO = YES;
				ONLY_ACTIVE_ARCH = YES;
				SDKROOT = iphoneos;
				SWIFT_ACTIVE_COMPILATION_CONDITIONS = DEBUG;
				SWIFT_OPTIMIZATION_LEVEL = "-Onone";
				TARGETED_DEVICE_FAMILY = "1,2";
			};
			name = Debug;
		};
		63E9454A1DC27BB600913AAB /* Release */ = {
			isa = XCBuildConfiguration;
			buildSettings = {
				ALWAYS_SEARCH_USER_PATHS = NO;
				CLANG_ANALYZER_NONNULL = YES;
				CLANG_CXX_LANGUAGE_STANDARD = "gnu++0x";
				CLANG_CXX_LIBRARY = "libc++";
				CLANG_ENABLE_MODULES = YES;
				CLANG_ENABLE_OBJC_ARC = YES;
				CLANG_WARN_BOOL_CONVERSION = YES;
				CLANG_WARN_CONSTANT_CONVERSION = YES;
				CLANG_WARN_DIRECT_OBJC_ISA_USAGE = YES_ERROR;
				CLANG_WARN_DOCUMENTATION_COMMENTS = YES;
				CLANG_WARN_EMPTY_BODY = YES;
				CLANG_WARN_ENUM_CONVERSION = YES;
				CLANG_WARN_INFINITE_RECURSION = YES;
				CLANG_WARN_INT_CONVERSION = YES;
				CLANG_WARN_OBJC_ROOT_CLASS = YES_ERROR;
				CLANG_WARN_SUSPICIOUS_MOVES = YES;
				CLANG_WARN_UNREACHABLE_CODE = YES;
				CLANG_WARN__DUPLICATE_METHOD_MATCH = YES;
				"CODE_SIGN_IDENTITY[sdk=iphoneos*]" = "iPhone Developer";
				COPY_PHASE_STRIP = NO;
				DEBUG_INFORMATION_FORMAT = "dwarf-with-dsym";
				ENABLE_NS_ASSERTIONS = NO;
				ENABLE_STRICT_OBJC_MSGSEND = YES;
				GCC_C_LANGUAGE_STANDARD = gnu99;
				GCC_NO_COMMON_BLOCKS = YES;
				GCC_WARN_64_TO_32_BIT_CONVERSION = YES;
				GCC_WARN_ABOUT_RETURN_TYPE = YES_ERROR;
				GCC_WARN_UNDECLARED_SELECTOR = YES;
				GCC_WARN_UNINITIALIZED_AUTOS = YES_AGGRESSIVE;
				GCC_WARN_UNUSED_FUNCTION = YES;
				GCC_WARN_UNUSED_VARIABLE = YES;
				IPHONEOS_DEPLOYMENT_TARGET = 10.0;
				MTL_ENABLE_DEBUG_INFO = NO;
				SDKROOT = iphoneos;
				SWIFT_OPTIMIZATION_LEVEL = "-Owholemodule";
				TARGETED_DEVICE_FAMILY = "1,2";
				VALIDATE_PRODUCT = YES;
			};
			name = Release;
		};
		63E9454C1DC27BB600913AAB /* Debug */ = {
			isa = XCBuildConfiguration;
			buildSettings = {
				ASSETCATALOG_COMPILER_APPICON_NAME = AppIcon;
				INFOPLIST_FILE = CarReader/Info.plist;
				LD_RUNPATH_SEARCH_PATHS = "$(inherited) @executable_path/Frameworks";
				PRODUCT_BUNDLE_IDENTIFIER = "Oleksii-Corporation.CarReader";
				PRODUCT_NAME = "$(TARGET_NAME)";
				SWIFT_VERSION = 3.0;
			};
			name = Debug;
		};
		63E9454D1DC27BB600913AAB /* Release */ = {
			isa = XCBuildConfiguration;
			buildSettings = {
				ASSETCATALOG_COMPILER_APPICON_NAME = AppIcon;
				INFOPLIST_FILE = CarReader/Info.plist;
				LD_RUNPATH_SEARCH_PATHS = "$(inherited) @executable_path/Frameworks";
				PRODUCT_BUNDLE_IDENTIFIER = "Oleksii-Corporation.CarReader";
				PRODUCT_NAME = "$(TARGET_NAME)";
				SWIFT_VERSION = 3.0;
			};
			name = Release;
		};
/* End XCBuildConfiguration section */

/* Begin XCConfigurationList section */
		63E945341DC27BB600913AAB /* Build configuration list for PBXProject "CarReader" */ = {
			isa = XCConfigurationList;
			buildConfigurations = (
				63E945491DC27BB600913AAB /* Debug */,
				63E9454A1DC27BB600913AAB /* Release */,
			);
			defaultConfigurationIsVisible = 0;
			defaultConfigurationName = Release;
		};
		63E9454B1DC27BB600913AAB /* Build configuration list for PBXNativeTarget "CarReader" */ = {
			isa = XCConfigurationList;
			buildConfigurations = (
				63E9454C1DC27BB600913AAB /* Debug */,
				63E9454D1DC27BB600913AAB /* Release */,
			);
			defaultConfigurationIsVisible = 0;
		};
/* End XCConfigurationList section */
	};
	rootObject = 63E945311DC27BB600913AAB /* Project object */;
}
